
Microsoft Visual Studio Solution File, Format Version 12.00
# Visual Studio Version 16
VisualStudioVersion = 16.0.31105.61
MinimumVisualStudioVersion = 10.0.40219.1
Project("{FAE04EC0-301F-11D3-BF4B-00C04F79EFBC}") = "maps_ini", "maps_ini.csproj", "{D5F75DB3-C073-4C07-9150-F25B3F1CD0E9}"
EndProject
Global
	GlobalSection(SolutionConfigurationPlatforms) = preSolution
		Debug|Any CPU = Debug|Any CPU
		Release|Any CPU = Release|Any CPU
	EndGlobalSection
	GlobalSection(ProjectConfigurationPlatforms) = postSolution
		{D5F75DB3-C073-4C07-9150-F25B3F1CD0E9}.Debug|Any CPU.ActiveCfg = Debug|Any CPU
		{D5F75DB3-C073-4C07-9150-F25B3F1CD0E9}.Debug|Any CPU.Build.0 = Debug|Any CPU
		{D5F75DB3-C073-4C07-9150-F25B3F1CD0E9}.Release|Any CPU.ActiveCfg = Release|Any CPU
		{D5F75DB3-C073-4C07-9150-F25B3F1CD0E9}.Release|Any CPU.Build.0 = Release|Any CPU
	EndGlobalSection
	GlobalSection(SolutionProperties) = preSolution
		HideSolutionNode = FALSE
	EndGlobalSection
	GlobalSection(ExtensibilityGlobals) = postSolution
		SolutionGuid = {357B4D89-BB7E-4FE2-8888-83FCF2F7F25D}
	EndGlobalSection
EndGlobal
